{
  "name": "@webhandle/material-icons",
  "version": "1.0.0",
  "lockfileVersion": 3,
  "requires": true,
  "packages": {
    "": {
      "name": "@webhandle/material-icons",
      "version": "1.0.0",
      "license": "ISC",
      "dependencies": {
        "@webhandle/initialize-webhandle-component": "^1.0.2"
      }
    },
    "node_modules/@webhandle/initialize-webhandle-component": {
      "version": "1.0.2",
      "resolved": "https://registry.npmjs.org/@webhandle/initialize-webhandle-component/-/initialize-webhandle-component-1.0.2.tgz",
      "integrity": "sha512-oVwhzzXgCvntLzwMgIsgueujicMc72YLXHTV6ZPI5iz8G6APi1K38ECgZE523Ul4Oghep1uiSsyWR4zRQGBe9w==",
      "license": "ISC",
      "bin": {
        "create-initialize-webhandle-component-file": "create-initialize-webhandle-component-file.mjs"
      }
    }
  }
}
