{
  "name": "@webhandle/material-icons",
  "version": "1.0.2",
  "lockfileVersion": 3,
  "requires": true,
  "packages": {
    "": {
      "name": "@webhandle/material-icons",
      "version": "1.0.2",
      "license": "ISC",
      "dependencies": {
        "@webhandle/initialize-webhandle-component": "^1.0.2"
      }
    },
    "node_modules/@webhandle/initialize-webhandle-component": {
      "version": "1.0.6",
      "resolved": "https://registry.npmjs.org/@webhandle/initialize-webhandle-component/-/initialize-webhandle-component-1.0.6.tgz",
      "integrity": "sha512-9HV/kDEGYodHl2Sbp4VG6jvEanx/pX1ccJMfhupsg2dmddNYT8s/cACf90Re1HdDXetJCWeauudiDJ+UJv6o2g==",
      "license": "ISC",
      "bin": {
        "create-initialize-webhandle-component-file": "create-initialize-webhandle-component-file.mjs"
      }
    }
  }
}
